// !$*UTF8*$!
{
	archiveVersion = 1;
	classes = {
	};
	objectVersion = 50;
	objects = {

/* Begin PBXBuildFile section */
		67962ECF25F4677100E7D8C7 /* AppDelegate.swift in Sources */ = {isa = PBXBuildFile; fileRef = 67962ECE25F4677100E7D8C7 /* AppDelegate.swift */; };
		67962ED125F4677100E7D8C7 /* SceneDelegate.swift in Sources */ = {isa = PBXBuildFile; fileRef = 67962ED025F4677100E7D8C7 /* SceneDelegate.swift */; };
		67962ED325F4677100E7D8C7 /* ViewController.swift in Sources */ = {isa = PBXBuildFile; fileRef = 67962ED225F4677100E7D8C7 /* ViewController.swift */; };
		67962ED625F4677100E7D8C7 /* Main.storyboard in Resources */ = {isa = PBXBuildFile; fileRef = 67962ED425F4677100E7D8C7 /* Main.storyboard */; };
		67962ED825F4677300E7D8C7 /* Assets.xcassets in Resources */ = {isa = PBXBuildFile; fileRef = 67962ED725F4677300E7D8C7 /* Assets.xcassets */; };
		67962EDB25F4677300E7D8C7 /* LaunchScreen.storyboard in Resources */ = {isa = PBXBuildFile; fileRef = 67962ED925F4677300E7D8C7 /* LaunchScreen.storyboard */; };
		67962EE425F489BA00E7D8C7 /* LocationManager.swift in Sources */ = {isa = PBXBuildFile; fileRef = 67962EE325F489BA00E7D8C7 /* LocationManager.swift */; };
/* End PBXBuildFile section */

/* Begin PBXFileReference section */
		67962ECB25F4677100E7D8C7 /* LocationNames.app */ = {isa = PBXFileReference; explicitFileType = wrapper.application; includeInIndex = 0; path = LocationNames.app; sourceTree = BUILT_PRODUCTS_DIR; };
		67962ECE25F4677100E7D8C7 /* AppDelegate.swift */ = {isa = PBXFileReference; lastKnownFileType = sourcecode.swift; path = AppDelegate.swift; sourceTree = "<group>"; };
		67962ED025F4677100E7D8C7 /* SceneDelegate.swift */ = {isa = PBXFileReference; lastKnownFileType = sourcecode.swift; path = SceneDelegate.swift; sourceTree = "<group>"; };
		67962ED225F4677100E7D8C7 /* ViewController.swift */ = {isa = PBXFileReference; lastKnownFileType = sourcecode.swift; path = ViewController.swift; sourceTree = "<group>"; };
		67962ED525F4677100E7D8C7 /* Base */ = {isa = PBXFileReference; lastKnownFileType = file.storyboard; name = Base; path = Base.lproj/Main.storyboard; sourceTree = "<group>"; };
		67962ED725F4677300E7D8C7 /* Assets.xcassets */ = {isa = PBXFileReference; lastKnownFileType = folder.assetcatalog; path = Assets.xcassets; sourceTree = "<group>"; };
		67962EDA25F4677300E7D8C7 /* Base */ = {isa = PBXFileReference; lastKnownFileType = file.storyboard; name = Base; path = Base.lproj/LaunchScreen.storyboard; sourceTree = "<group>"; };
		67962EDC25F4677300E7D8C7 /* Info.plist */ = {isa = PBXFileReference; lastKnownFileType = text.plist.xml; path = Info.plist; sourceTree = "<group>"; };
		67962EE325F489BA00E7D8C7 /* LocationManager.swift */ = {isa = PBXFileReference; lastKnownFileType = sourcecode.swift; path = LocationManager.swift; sourceTree = "<group>"; };
/* End PBXFileReference section */

/* Begin PBXFrameworksBuildPhase section */
		67962EC825F4677100E7D8C7 /* Frameworks */ = {
			isa = PBXFrameworksBuildPhase;
			buildActionMask = 2147483647;
			files = (
			);
			runOnlyForDeploymentPostprocessing = 0;
		};
/* End PBXFrameworksBuildPhase section */

/* Begin PBXGroup section */
		67962EC225F4677100E7D8C7 = {
			isa = PBXGroup;
			children = (
				67962ECD25F4677100E7D8C7 /* LocationNames */,
				67962ECC25F4677100E7D8C7 /* Products */,
			);
			sourceTree = "<group>";
		};
		67962ECC25F4677100E7D8C7 /* Products */ = {
			isa = PBXGroup;
			children = (
				67962ECB25F4677100E7D8C7 /* LocationNames.app */,
			);
			name = Products;
			sourceTree = "<group>";
		};
		67962ECD25F4677100E7D8C7 /* LocationNames */ = {
			isa = PBXGroup;
			children = (
				67962ECE25F4677100E7D8C7 /* AppDelegate.swift */,
				67962ED025F4677100E7D8C7 /* SceneDelegate.swift */,
				67962EE325F489BA00E7D8C7 /* LocationManager.swift */,
				67962ED225F4677100E7D8C7 /* ViewController.swift */,
				67962ED425F4677100E7D8C7 /* Main.storyboard */,
				67962ED725F4677300E7D8C7 /* Assets.xcassets */,
				67962ED925F4677300E7D8C7 /* LaunchScreen.storyboard */,
				67962EDC25F4677300E7D8C7 /* Info.plist */,
			);
			path = LocationNames;
			sourceTree = "<group>";
		};
/* End PBXGroup section */

/* Begin PBXNativeTarget section */
		67962ECA25F4677100E7D8C7 /* LocationNames */ = {
			isa = PBXNativeTarget;
			buildConfigurationList = 67962EDF25F4677300E7D8C7 /* Build configuration list for PBXNativeTarget "LocationNames" */;
			buildPhases = (
				67962EC725F4677100E7D8C7 /* Sources */,
				67962EC825F4677100E7D8C7 /* Frameworks */,
				67962EC925F4677100E7D8C7 /* Resources */,
			);
			buildRules = (
			);
			dependencies = (
			);
			name = LocationNames;
			productName = LocationNames;
			productReference = 67962ECB25F4677100E7D8C7 /* LocationNames.app */;
			productType = "com.apple.product-type.application";
		};
/* End PBXNativeTarget section */

/* Begin PBXProject section */
		67962EC325F4677100E7D8C7 /* Project object */ = {
			isa = PBXProject;
			attributes = {
				LastSwiftUpdateCheck = 1240;
				LastUpgradeCheck = 1240;
				TargetAttributes = {
					67962ECA25F4677100E7D8C7 = {
						CreatedOnToolsVersion = 12.4;
					};
				};
			};
			buildConfigurationList = 67962EC625F4677100E7D8C7 /* Build configuration list for PBXProject "LocationNames" */;
			compatibilityVersion = "Xcode 9.3";
			developmentRegion = en;
			hasScannedForEncodings = 0;
			knownRegions = (
				en,
				Base,
			);
			mainGroup = 67962EC225F4677100E7D8C7;
			productRefGroup = 67962ECC25F4677100E7D8C7 /* Products */;
			projectDirPath = "";
			projectRoot = "";
			targets = (
				67962ECA25F4677100E7D8C7 /* LocationNames */,
			);
		};
/* End PBXProject section */

/* Begin PBXResourcesBuildPhase section */
		67962EC925F4677100E7D8C7 /* Resources */ = {
			isa = PBXResourcesBuildPhase;
			buildActionMask = 2147483647;
			files = (
				67962EDB25F4677300E7D8C7 /* LaunchScreen.storyboard in Resources */,
				67962ED825F4677300E7D8C7 /* Assets.xcassets in Resources */,
				67962ED625F4677100E7D8C7 /* Main.storyboard in Resources */,
			);
			runOnlyForDeploymentPostprocessing = 0;
		};
/* End PBXResourcesBuildPhase section */

/* Begin PBXSourcesBuildPhase section */
		67962EC725F4677100E7D8C7 /* Sources */ = {
			isa = PBXSourcesBuildPhase;
			buildActionMask = 2147483647;
			files = (
				67962EE425F489BA00E7D8C7 /* LocationManager.swift in Sources */,
				67962ED325F4677100E7D8C7 /* ViewController.swift in Sources */,
				67962ECF25F4677100E7D8C7 /* AppDelegate.swift in Sources */,
				67962ED125F4677100E7D8C7 /* SceneDelegate.swift in Sources */,
			);
			runOnlyForDeploymentPostprocessing = 0;
		};
/* End PBXSourcesBuildPhase section */

/* Begin PBXVariantGroup section */
		67962ED425F4677100E7D8C7 /* Main.storyboard */ = {
			isa = PBXVariantGroup;
			children = (
				67962ED525F4677100E7D8C7 /* Base */,
			);
			name = Main.storyboard;
			sourceTree = "<group>";
		};
		67962ED925F4677300E7D8C7 /* LaunchScreen.storyboard */ = {
			isa = PBXVariantGroup;
			children = (
				67962EDA25F4677300E7D8C7 /* Base */,
			);
			name = LaunchScreen.storyboard;
			sourceTree = "<group>";
		};
/* End PBXVariantGroup section */

/* Begin XCBuildConfiguration section */
		67962EDD25F4677300E7D8C7 /* Debug */ = {
			isa = XCBuildConfiguration;
			buildSettings = {
				ALWAYS_SEARCH_USER_PATHS = NO;
				CLANG_ANALYZER_NONNULL = YES;
				CLANG_ANALYZER_NUMBER_OBJECT_CONVERSION = YES_AGGRESSIVE;
				CLANG_CXX_LANGUAGE_STANDARD = "gnu++14";
				CLANG_CXX_LIBRARY = "libc++";
				CLANG_ENABLE_MODULES = YES;
				CLANG_ENABLE_OBJC_ARC = YES;
				CLANG_ENABLE_OBJC_WEAK = YES;
				CLANG_WARN_BLOCK_CAPTURE_AUTORELEASING = YES;
				CLANG_WARN_BOOL_CONVERSION = YES;
				CLANG_WARN_COMMA = YES;
				CLANG_WARN_CONSTANT_CONVERSION = YES;
				CLANG_WARN_DEPRECATED_OBJC_IMPLEMENTATIONS = YES;
				CLANG_WARN_DIRECT_OBJC_ISA_USAGE = YES_ERROR;
				CLANG_WARN_DOCUMENTATION_COMMENTS = YES;
				CLANG_WARN_EMPTY_BODY = YES;
				CLANG_WARN_ENUM_CONVERSION = YES;
				CLANG_WARN_INFINITE_RECURSION = YES;
				CLANG_WARN_INT_CONVERSION = YES;
				CLANG_WARN_NON_LITERAL_NULL_CONVERSION = YES;
				CLANG_WARN_OBJC_IMPLICIT_RETAIN_SELF = YES;
				CLANG_WARN_OBJC_LITERAL_CONVERSION = YES;
				CLANG_WARN_OBJC_ROOT_CLASS = YES_ERROR;
				CLANG_WARN_QUOTED_INCLUDE_IN_FRAMEWORK_HEADER = YES;
				CLANG_WARN_RANGE_LOOP_ANALYSIS = YES;
				CLANG_WARN_STRICT_PROTOTYPES = YES;
				CLANG_WARN_SUSPICIOUS_MOVE = YES;
				CLANG_WARN_UNGUARDED_AVAILABILITY = YES_AGGRESSIVE;
				CLANG_WARN_UNREACHABLE_CODE = YES;
				CLANG_WARN__DUPLICATE_METHOD_MATCH = YES;
				COPY_PHASE_STRIP = NO;
				DEBUG_INFORMATION_FORMAT = dwarf;
				ENABLE_STRICT_OBJC_MSGSEND = YES;
				ENABLE_TESTABILITY = YES;
				GCC_C_LANGUAGE_STANDARD = gnu11;
				GCC_DYNAMIC_NO_PIC = NO;
				GCC_NO_COMMON_BLOCKS = YES;
				GCC_OPTIMIZATION_LEVEL = 0;
				GCC_PREPROCESSOR_DEFINITIONS = (
					"DEBUG=1",
					"$(inherited)",
				);
				GCC_WARN_64_TO_32_BIT_CONVERSION = YES;
				GCC_WARN_ABOUT_RETURN_TYPE = YES_ERROR;
				GCC_WARN_UNDECLARED_SELECTOR = YES;
				GCC_WARN_UNINITIALIZED_AUTOS = YES_AGGRESSIVE;
				GCC_WARN_UNUSED_FUNCTION = YES;
				GCC_WARN_UNUSED_VARIABLE = YES;
				IPHONEOS_DEPLOYMENT_TARGET = 14.4;
				MTL_ENABLE_DEBUG_INFO = INCLUDE_SOURCE;
				MTL_FAST_MATH = YES;
				ONLY_ACTIVE_ARCH = YES;
				SDKROOT = iphoneos;
				SWIFT_ACTIVE_COMPILATION_CONDITIONS = DEBUG;
				SWIFT_OPTIMIZATION_LEVEL = "-Onone";
			};
			name = Debug;
		};
		67962EDE25F4677300E7D8C7 /* Release */ = {
			isa = XCBuildConfiguration;
			buildSettings = {
				ALWAYS_SEARCH_USER_PATHS = NO;
				CLANG_ANALYZER_NONNULL = YES;
				CLANG_ANALYZER_NUMBER_OBJECT_CONVERSION = YES_AGGRESSIVE;
				CLANG_CXX_LANGUAGE_STANDARD = "gnu++14";
				CLANG_CXX_LIBRARY = "libc++";
				CLANG_ENABLE_MODULES = YES;
				CLANG_ENABLE_OBJC_ARC = YES;
				CLANG_ENABLE_OBJC_WEAK = YES;
				CLANG_WARN_BLOCK_CAPTURE_AUTORELEASING = YES;
				CLANG_WARN_BOOL_CONVERSION = YES;
				CLANG_WARN_COMMA = YES;
				CLANG_WARN_CONSTANT_CONVERSION = YES;
				CLANG_WARN_DEPRECATED_OBJC_IMPLEMENTATIONS = YES;
				CLANG_WARN_DIRECT_OBJC_ISA_USAGE = YES_ERROR;
				CLANG_WARN_DOCUMENTATION_COMMENTS = YES;
				CLANG_WARN_EMPTY_BODY = YES;
				CLANG_WARN_ENUM_CONVERSION = YES;
				CLANG_WARN_INFINITE_RECURSION = YES;
				CLANG_WARN_INT_CONVERSION = YES;
				CLANG_WARN_NON_LITERAL_NULL_CONVERSION = YES;
				CLANG_WARN_OBJC_IMPLICIT_RETAIN_SELF = YES;
				CLANG_WARN_OBJC_LITERAL_CONVERSION = YES;
				CLANG_WARN_OBJC_ROOT_CLASS = YES_ERROR;
				CLANG_WARN_QUOTED_INCLUDE_IN_FRAMEWORK_HEADER = YES;
				CLANG_WARN_RANGE_LOOP_ANALYSIS = YES;
				CLANG_WARN_STRICT_PROTOTYPES = YES;
				CLANG_WARN_SUSPICIOUS_MOVE = YES;
				CLANG_WARN_UNGUARDED_AVAILABILITY = YES_AGGRESSIVE;
				CLANG_WARN_UNREACHABLE_CODE = YES;
				CLANG_WARN__DUPLICATE_METHOD_MATCH = YES;
				COPY_PHASE_STRIP = NO;
				DEBUG_INFORMATION_FORMAT = "dwarf-with-dsym";
				ENABLE_NS_ASSERTIONS = NO;
				ENABLE_STRICT_OBJC_MSGSEND = YES;
				GCC_C_LANGUAGE_STANDARD = gnu11;
				GCC_NO_COMMON_BLOCKS = YES;
				GCC_WARN_64_TO_32_BIT_CONVERSION = YES;
				GCC_WARN_ABOUT_RETURN_TYPE = YES_ERROR;
				GCC_WARN_UNDECLARED_SELECTOR = YES;
				GCC_WARN_UNINITIALIZED_AUTOS = YES_AGGRESSIVE;
				GCC_WARN_UNUSED_FUNCTION = YES;
				GCC_WARN_UNUSED_VARIABLE = YES;
				IPHONEOS_DEPLOYMENT_TARGET = 14.4;
				MTL_ENABLE_DEBUG_INFO = NO;
				MTL_FAST_MATH = YES;
				SDKROOT = iphoneos;
				SWIFT_COMPILATION_MODE = wholemodule;
				SWIFT_OPTIMIZATION_LEVEL = "-O";
				VALIDATE_PRODUCT = YES;
			};
			name = Release;
		};
		67962EE025F4677300E7D8C7 /* Debug */ = {
			isa = XCBuildConfiguration;
			buildSettings = {
				ASSETCATALOG_COMPILER_APPICON_NAME = AppIcon;
				ASSETCATALOG_COMPILER_GLOBAL_ACCENT_COLOR_NAME = AccentColor;
				CODE_SIGN_STYLE = Automatic;
				DEVELOPMENT_TEAM = L6M78ZXF68;
				INFOPLIST_FILE = LocationNames/Info.plist;
				LD_RUNPATH_SEARCH_PATHS = (
					"$(inherited)",
					"@executable_path/Frameworks",
				);
				PRODUCT_BUNDLE_IDENTIFIER = com.anhdinh.LocationNames;
				PRODUCT_NAME = "$(TARGET_NAME)";
				SWIFT_VERSION = 5.0;
				TARGETED_DEVICE_FAMILY = "1,2";
			};
			name = Debug;
		};
		67962EE125F4677300E7D8C7 /* Release */ = {
			isa = XCBuildConfiguration;
			buildSettings = {
				ASSETCATALOG_COMPILER_APPICON_NAME = AppIcon;
				ASSETCATALOG_COMPILER_GLOBAL_ACCENT_COLOR_NAME = AccentColor;
				CODE_SIGN_STYLE = Automatic;
				DEVELOPMENT_TEAM = L6M78ZXF68;
				INFOPLIST_FILE = LocationNames/Info.plist;
				LD_RUNPATH_SEARCH_PATHS = (
					"$(inherited)",
					"@executable_path/Frameworks",
				);
				PRODUCT_BUNDLE_IDENTIFIER = com.anhdinh.LocationNames;
				PRODUCT_NAME = "$(TARGET_NAME)";
				SWIFT_VERSION = 5.0;
				TARGETED_DEVICE_FAMILY = "1,2";
			};
			name = Release;
		};
/* End XCBuildConfiguration section */

/* Begin XCConfigurationList section */
		67962EC625F4677100E7D8C7 /* Build configuration list for PBXProject "LocationNames" */ = {
			isa = XCConfigurationList;
			buildConfigurations = (
				67962EDD25F4677300E7D8C7 /* Debug */,
				67962EDE25F4677300E7D8C7 /* Release */,
			);
			defaultConfigurationIsVisible = 0;
			defaultConfigurationName = Release;
		};
		67962EDF25F4677300E7D8C7 /* Build configuration list for PBXNativeTarget "LocationNames" */ = {
			isa = XCConfigurationList;
			buildConfigurations = (
				67962EE025F4677300E7D8C7 /* Debug */,
				67962EE125F4677300E7D8C7 /* Release */,
			);
			defaultConfigurationIsVisible = 0;
			defaultConfigurationName = Release;
		};
/* End XCConfigurationList section */
	};
	rootObject = 67962EC325F4677100E7D8C7 /* Project object */;
}
